
Microsoft Visual Studio Solution File, Format Version 12.00
# Visual Studio Version 16
VisualStudioVersion = 16.0.31515.178
MinimumVisualStudioVersion = 10.0.40219.1
Project("{FAE04EC0-301F-11D3-BF4B-00C04F79EFBC}") = "Tahluf.LMS.API", "Tahluf.LMS.API\Tahluf.LMS.API.csproj", "{3B187096-AFF3-474E-B6F3-974271DFACB5}"
EndProject
Project("{FAE04EC0-301F-11D3-BF4B-00C04F79EFBC}") = "Tahluf.LMS.CORE", "Tahluf.LMS.CORE\Tahluf.LMS.CORE.csproj", "{A5D19487-31B0-4912-85C0-0F8637F82B0D}"
EndProject
Project("{FAE04EC0-301F-11D3-BF4B-00C04F79EFBC}") = "Tahluf.LMS.INFRA", "Tahluf.LMS.INFRA\Tahluf.LMS.INFRA.csproj", "{62368401-00D8-49E9-9D22-52F67ED5F9CF}"
EndProject
Global
	GlobalSection(SolutionConfigurationPlatforms) = preSolution
		Debug|Any CPU = Debug|Any CPU
		Release|Any CPU = Release|Any CPU
	EndGlobalSection
	GlobalSection(ProjectConfigurationPlatforms) = postSolution
		{3B187096-AFF3-474E-B6F3-974271DFACB5}.Debug|Any CPU.ActiveCfg = Debug|Any CPU
		{3B187096-AFF3-474E-B6F3-974271DFACB5}.Debug|Any CPU.Build.0 = Debug|Any CPU
		{3B187096-AFF3-474E-B6F3-974271DFACB5}.Release|Any CPU.ActiveCfg = Release|Any CPU
		{3B187096-AFF3-474E-B6F3-974271DFACB5}.Release|Any CPU.Build.0 = Release|Any CPU
		{A5D19487-31B0-4912-85C0-0F8637F82B0D}.Debug|Any CPU.ActiveCfg = Debug|Any CPU
		{A5D19487-31B0-4912-85C0-0F8637F82B0D}.Debug|Any CPU.Build.0 = Debug|Any CPU
		{A5D19487-31B0-4912-85C0-0F8637F82B0D}.Release|Any CPU.ActiveCfg = Release|Any CPU
		{A5D19487-31B0-4912-85C0-0F8637F82B0D}.Release|Any CPU.Build.0 = Release|Any CPU
		{62368401-00D8-49E9-9D22-52F67ED5F9CF}.Debug|Any CPU.ActiveCfg = Debug|Any CPU
		{62368401-00D8-49E9-9D22-52F67ED5F9CF}.Debug|Any CPU.Build.0 = Debug|Any CPU
		{62368401-00D8-49E9-9D22-52F67ED5F9CF}.Release|Any CPU.ActiveCfg = Release|Any CPU
		{62368401-00D8-49E9-9D22-52F67ED5F9CF}.Release|Any CPU.Build.0 = Release|Any CPU
	EndGlobalSection
	GlobalSection(SolutionProperties) = preSolution
		HideSolutionNode = FALSE
	EndGlobalSection
	GlobalSection(ExtensibilityGlobals) = postSolution
		SolutionGuid = {09179F5F-B45B-49E6-917E-E188B3D0D063}
	EndGlobalSection
EndGlobal
